
Microsoft Visual Studio Solution File, Format Version 12.00
# Visual Studio Version 16
VisualStudioVersion = 16.0.29306.81
MinimumVisualStudioVersion = 10.0.40219.1
Project("{9A19103F-16F7-4668-BE54-9A1E7A4F7556}") = "Tests", "Tests\Tests.csproj", "{B5E70A1A-EF64-48D7-957B-9C484F112255}"
EndProject
Project("{9A19103F-16F7-4668-BE54-9A1E7A4F7556}") = "Model", "Model\Model.csproj", "{ED777301-8003-493C-A23A-1FC45793AA24}"
EndProject
Project("{9A19103F-16F7-4668-BE54-9A1E7A4F7556}") = "StringCalculatorApi", "StringCalculatorApi\StringCalculatorApi.csproj", "{D40E8A0E-CA1D-4EBC-8F19-0F00BD7F2542}"
EndProject
Project("{9A19103F-16F7-4668-BE54-9A1E7A4F7556}") = "Persistence.File", "Persistence.File\Persistence.File.csproj", "{2D5812EB-4222-491B-9619-CE478F0BDACC}"
EndProject
Project("{9A19103F-16F7-4668-BE54-9A1E7A4F7556}") = "UseCases", "UseCases\UseCases.csproj", "{D7937DFD-3368-4E75-ACC2-516880EF094B}"
EndProject
Global
	GlobalSection(SolutionConfigurationPlatforms) = preSolution
		Debug|Any CPU = Debug|Any CPU
		Release|Any CPU = Release|Any CPU
	EndGlobalSection
	GlobalSection(ProjectConfigurationPlatforms) = postSolution
		{B5E70A1A-EF64-48D7-957B-9C484F112255}.Debug|Any CPU.ActiveCfg = Debug|Any CPU
		{B5E70A1A-EF64-48D7-957B-9C484F112255}.Debug|Any CPU.Build.0 = Debug|Any CPU
		{B5E70A1A-EF64-48D7-957B-9C484F112255}.Release|Any CPU.ActiveCfg = Release|Any CPU
		{B5E70A1A-EF64-48D7-957B-9C484F112255}.Release|Any CPU.Build.0 = Release|Any CPU
		{ED777301-8003-493C-A23A-1FC45793AA24}.Debug|Any CPU.ActiveCfg = Debug|Any CPU
		{ED777301-8003-493C-A23A-1FC45793AA24}.Debug|Any CPU.Build.0 = Debug|Any CPU
		{ED777301-8003-493C-A23A-1FC45793AA24}.Release|Any CPU.ActiveCfg = Release|Any CPU
		{ED777301-8003-493C-A23A-1FC45793AA24}.Release|Any CPU.Build.0 = Release|Any CPU
		{D40E8A0E-CA1D-4EBC-8F19-0F00BD7F2542}.Debug|Any CPU.ActiveCfg = Debug|Any CPU
		{D40E8A0E-CA1D-4EBC-8F19-0F00BD7F2542}.Debug|Any CPU.Build.0 = Debug|Any CPU
		{D40E8A0E-CA1D-4EBC-8F19-0F00BD7F2542}.Release|Any CPU.ActiveCfg = Release|Any CPU
		{D40E8A0E-CA1D-4EBC-8F19-0F00BD7F2542}.Release|Any CPU.Build.0 = Release|Any CPU
		{2D5812EB-4222-491B-9619-CE478F0BDACC}.Debug|Any CPU.ActiveCfg = Debug|Any CPU
		{2D5812EB-4222-491B-9619-CE478F0BDACC}.Debug|Any CPU.Build.0 = Debug|Any CPU
		{2D5812EB-4222-491B-9619-CE478F0BDACC}.Release|Any CPU.ActiveCfg = Release|Any CPU
		{2D5812EB-4222-491B-9619-CE478F0BDACC}.Release|Any CPU.Build.0 = Release|Any CPU
		{D7937DFD-3368-4E75-ACC2-516880EF094B}.Debug|Any CPU.ActiveCfg = Debug|Any CPU
		{D7937DFD-3368-4E75-ACC2-516880EF094B}.Debug|Any CPU.Build.0 = Debug|Any CPU
		{D7937DFD-3368-4E75-ACC2-516880EF094B}.Release|Any CPU.ActiveCfg = Release|Any CPU
		{D7937DFD-3368-4E75-ACC2-516880EF094B}.Release|Any CPU.Build.0 = Release|Any CPU
	EndGlobalSection
	GlobalSection(SolutionProperties) = preSolution
		HideSolutionNode = FALSE
	EndGlobalSection
	GlobalSection(ExtensibilityGlobals) = postSolution
		SolutionGuid = {FA09CF01-AAA2-4E13-83A0-2A00E9CEF31F}
	EndGlobalSection
EndGlobal
